
Microsoft Visual Studio Solution File, Format Version 12.00
# Visual Studio Version 17
VisualStudioVersion = 17.7.34031.279
MinimumVisualStudioVersion = 10.0.40219.1
Project("{9A19103F-16F7-4668-BE54-9A1E7A4F7556}") = "NumberStringComparer", "NumberStringComparer\NumberStringComparer.csproj", "{138E2D95-C973-4F2E-BD8D-C5FED8E9331B}"
EndProject
Project("{9A19103F-16F7-4668-BE54-9A1E7A4F7556}") = "NumberStringComparer.Tests", "NumberStringComparer.Tests\NumberStringComparer.Tests.csproj", "{5D7E3277-3B95-4C5E-931D-DCAC528366CD}"
EndProject
Global
	GlobalSection(SolutionConfigurationPlatforms) = preSolution
		Debug|Any CPU = Debug|Any CPU
		Release|Any CPU = Release|Any CPU
	EndGlobalSection
	GlobalSection(ProjectConfigurationPlatforms) = postSolution
		{138E2D95-C973-4F2E-BD8D-C5FED8E9331B}.Debug|Any CPU.ActiveCfg = Debug|Any CPU
		{138E2D95-C973-4F2E-BD8D-C5FED8E9331B}.Debug|Any CPU.Build.0 = Debug|Any CPU
		{138E2D95-C973-4F2E-BD8D-C5FED8E9331B}.Release|Any CPU.ActiveCfg = Release|Any CPU
		{138E2D95-C973-4F2E-BD8D-C5FED8E9331B}.Release|Any CPU.Build.0 = Release|Any CPU
		{5D7E3277-3B95-4C5E-931D-DCAC528366CD}.Debug|Any CPU.ActiveCfg = Debug|Any CPU
		{5D7E3277-3B95-4C5E-931D-DCAC528366CD}.Debug|Any CPU.Build.0 = Debug|Any CPU
		{5D7E3277-3B95-4C5E-931D-DCAC528366CD}.Release|Any CPU.ActiveCfg = Release|Any CPU
		{5D7E3277-3B95-4C5E-931D-DCAC528366CD}.Release|Any CPU.Build.0 = Release|Any CPU
	EndGlobalSection
	GlobalSection(SolutionProperties) = preSolution
		HideSolutionNode = FALSE
	EndGlobalSection
	GlobalSection(ExtensibilityGlobals) = postSolution
		SolutionGuid = {87A69E2F-806A-4019-8A46-E5EAC0CC7F77}
	EndGlobalSection
EndGlobal
